
Microsoft Visual Studio Solution File, Format Version 12.00
# Visual Studio Version 16
VisualStudioVersion = 16.0.36631.11
MinimumVisualStudioVersion = 10.0.40219.1
Project("{FAE04EC0-301F-11D3-BF4B-00C04F79EFBC}") = "Lesson1", "Train\Basic\Lesson1\Lesson1.csproj", "{2A4E8163-E345-4379-B425-8633610F5851}"
EndProject
Project("{FAE04EC0-301F-11D3-BF4B-00C04F79EFBC}") = "Basic", "Train\Basic\HelloWorld\HelloWorld\Basic.csproj", "{F5F23E87-CF32-446B-A320-418543F1C6C0}"
EndProject
Global
	GlobalSection(SolutionConfigurationPlatforms) = preSolution
		Debug|Any CPU = Debug|Any CPU
		Release|Any CPU = Release|Any CPU
	EndGlobalSection
	GlobalSection(ProjectConfigurationPlatforms) = postSolution
		{2A4E8163-E345-4379-B425-8633610F5851}.Debug|Any CPU.ActiveCfg = Debug|Any CPU
		{2A4E8163-E345-4379-B425-8633610F5851}.Debug|Any CPU.Build.0 = Debug|Any CPU
		{2A4E8163-E345-4379-B425-8633610F5851}.Release|Any CPU.ActiveCfg = Release|Any CPU
		{2A4E8163-E345-4379-B425-8633610F5851}.Release|Any CPU.Build.0 = Release|Any CPU
		{F5F23E87-CF32-446B-A320-418543F1C6C0}.Debug|Any CPU.ActiveCfg = Debug|Any CPU
		{F5F23E87-CF32-446B-A320-418543F1C6C0}.Debug|Any CPU.Build.0 = Debug|Any CPU
		{F5F23E87-CF32-446B-A320-418543F1C6C0}.Release|Any CPU.ActiveCfg = Release|Any CPU
		{F5F23E87-CF32-446B-A320-418543F1C6C0}.Release|Any CPU.Build.0 = Release|Any CPU
	EndGlobalSection
	GlobalSection(SolutionProperties) = preSolution
		HideSolutionNode = FALSE
	EndGlobalSection
	GlobalSection(ExtensibilityGlobals) = postSolution
		SolutionGuid = {0EEDCBE7-56A3-42E4-B032-67E7B073FCF8}
	EndGlobalSection
EndGlobal
